// !$*UTF8*$!
{
	archiveVersion = 1;
	classes = {
	};
	objectVersion = 56;
	objects = {

/* Begin PBXBuildFile section */
		635D1DB32BBCE1C700BAA5D3 /* GuidelinesInAppView.swift in Sources */ = {isa = PBXBuildFile; fileRef = 635D1DB22BBCE1C700BAA5D3 /* GuidelinesInAppView.swift */; };
		C7179C312BBCE10F0041E1AB /* PasswordTextField.swift in Sources */ = {isa = PBXBuildFile; fileRef = C7179C302BBCE10F0041E1AB /* PasswordTextField.swift */; };
		C7179C332BBCE20E0041E1AB /* PasswordSheet.swift in Sources */ = {isa = PBXBuildFile; fileRef = C7179C322BBCE20E0041E1AB /* PasswordSheet.swift */; };
		C7179C362BBCF4C60041E1AB /* CircleNavigationButton.swift in Sources */ = {isa = PBXBuildFile; fileRef = C7179C352BBCF4C60041E1AB /* CircleNavigationButton.swift */; };
		C72FAEE52BB9346C00FADFE7 /* UserApi.swift in Sources */ = {isa = PBXBuildFile; fileRef = C72FAEE42BB9346C00FADFE7 /* UserApi.swift */; };
		C72FAEEA2BB934E300FADFE7 /* AuthenticationRequest.swift in Sources */ = {isa = PBXBuildFile; fileRef = C72FAEE92BB934E300FADFE7 /* AuthenticationRequest.swift */; };
		C72FAEED2BB9358F00FADFE7 /* BaseResponse.swift in Sources */ = {isa = PBXBuildFile; fileRef = C72FAEEC2BB9358F00FADFE7 /* BaseResponse.swift */; };
		C72FAEEF2BB935B800FADFE7 /* NetworkError.swift in Sources */ = {isa = PBXBuildFile; fileRef = C72FAEEE2BB935B800FADFE7 /* NetworkError.swift */; };
		C72FAEF12BB935D300FADFE7 /* Constant.swift in Sources */ = {isa = PBXBuildFile; fileRef = C72FAEF02BB935D300FADFE7 /* Constant.swift */; };
		C72FAEF42BB9367C00FADFE7 /* Keychain.swift in Sources */ = {isa = PBXBuildFile; fileRef = C72FAEF32BB9367C00FADFE7 /* Keychain.swift */; };
		C72FAEF62BB9369F00FADFE7 /* DependencyInjector.swift in Sources */ = {isa = PBXBuildFile; fileRef = C72FAEF52BB9369F00FADFE7 /* DependencyInjector.swift */; };
		C72FAEF82BB936BE00FADFE7 /* ApiRequest.swift in Sources */ = {isa = PBXBuildFile; fileRef = C72FAEF72BB936BE00FADFE7 /* ApiRequest.swift */; };
		C72FAEFA2BB9389B00FADFE7 /* AuthenticationResponse.swift in Sources */ = {isa = PBXBuildFile; fileRef = C72FAEF92BB9389B00FADFE7 /* AuthenticationResponse.swift */; };
		C72FAEFC2BB938B300FADFE7 /* UserApiImpl.swift in Sources */ = {isa = PBXBuildFile; fileRef = C72FAEFB2BB938B300FADFE7 /* UserApiImpl.swift */; };
		C72FAEFE2BB93A6000FADFE7 /* UserRepository.swift in Sources */ = {isa = PBXBuildFile; fileRef = C72FAEFD2BB93A6000FADFE7 /* UserRepository.swift */; };
		C72FAF002BB95BE400FADFE7 /* UserRepositoryImpl.swift in Sources */ = {isa = PBXBuildFile; fileRef = C72FAEFF2BB95BE400FADFE7 /* UserRepositoryImpl.swift */; };
		C72FAF022BB95D5000FADFE7 /* AppModule.swift in Sources */ = {isa = PBXBuildFile; fileRef = C72FAF012BB95D5000FADFE7 /* AppModule.swift */; };
		C72FAF072BB9B9D500FADFE7 /* LockerApiImpl.swift in Sources */ = {isa = PBXBuildFile; fileRef = C72FAF062BB9B9D500FADFE7 /* LockerApiImpl.swift */; };
		C72FAF092BB9B9DE00FADFE7 /* LockerApi.swift in Sources */ = {isa = PBXBuildFile; fileRef = C72FAF082BB9B9DE00FADFE7 /* LockerApi.swift */; };
		C72FAF0D2BB9B9FB00FADFE7 /* LockerRepositoryImpl.swift in Sources */ = {isa = PBXBuildFile; fileRef = C72FAF0C2BB9B9FB00FADFE7 /* LockerRepositoryImpl.swift */; };
		C72FAF0F2BB9BA0300FADFE7 /* LockerRepository.swift in Sources */ = {isa = PBXBuildFile; fileRef = C72FAF0E2BB9BA0300FADFE7 /* LockerRepository.swift */; };
		C72FAF112BB9BE2A00FADFE7 /* AreaRequest.swift in Sources */ = {isa = PBXBuildFile; fileRef = C72FAF102BB9BE2A00FADFE7 /* AreaRequest.swift */; };
		C72FAF132BB9BE7400FADFE7 /* LockerIdRequest.swift in Sources */ = {isa = PBXBuildFile; fileRef = C72FAF122BB9BE7400FADFE7 /* LockerIdRequest.swift */; };
		C72FAF152BB9C35E00FADFE7 /* LockerResponse.swift in Sources */ = {isa = PBXBuildFile; fileRef = C72FAF142BB9C35E00FADFE7 /* LockerResponse.swift */; };
		C72FAF182BB9C7DE00FADFE7 /* PlainResponse.swift in Sources */ = {isa = PBXBuildFile; fileRef = C72FAF172BB9C7DE00FADFE7 /* PlainResponse.swift */; };
		C77A1E412BB41EAE006FE673 /* LiLoApp.swift in Sources */ = {isa = PBXBuildFile; fileRef = C77A1E402BB41EAE006FE673 /* LiLoApp.swift */; };
		C77A1E432BB41EAE006FE673 /* ContentView.swift in Sources */ = {isa = PBXBuildFile; fileRef = C77A1E422BB41EAE006FE673 /* ContentView.swift */; };
		C77A1E452BB41EAF006FE673 /* Assets.xcassets in Resources */ = {isa = PBXBuildFile; fileRef = C77A1E442BB41EAF006FE673 /* Assets.xcassets */; };
		C77A1E492BB41EAF006FE673 /* Preview Assets.xcassets in Resources */ = {isa = PBXBuildFile; fileRef = C77A1E482BB41EAF006FE673 /* Preview Assets.xcassets */; };
		C7A9BBA42BBB976600FFDFC6 /* HomeViewModel.swift in Sources */ = {isa = PBXBuildFile; fileRef = C7A9BBA32BBB976600FFDFC6 /* HomeViewModel.swift */; };
		C7A9BBA62BBB976D00FFDFC6 /* HomeEvent.swift in Sources */ = {isa = PBXBuildFile; fileRef = C7A9BBA52BBB976D00FFDFC6 /* HomeEvent.swift */; };
		C7A9BBA82BBB977400FFDFC6 /* HomeScreen.swift in Sources */ = {isa = PBXBuildFile; fileRef = C7A9BBA72BBB977400FFDFC6 /* HomeScreen.swift */; };
		C7A9BBAA2BBB979800FFDFC6 /* HomeState.swift in Sources */ = {isa = PBXBuildFile; fileRef = C7A9BBA92BBB979800FFDFC6 /* HomeState.swift */; };
		C7A9BBAE2BBBA91400FFDFC6 /* Area.swift in Sources */ = {isa = PBXBuildFile; fileRef = C7A9BBAD2BBBA91400FFDFC6 /* Area.swift */; };
		C7A9BBB02BBBFAD900FFDFC6 /* CircleButton.swift in Sources */ = {isa = PBXBuildFile; fileRef = C7A9BBAF2BBBFAD900FFDFC6 /* CircleButton.swift */; };
		C7A9BBB22BBC01C700FFDFC6 /* LockInView.swift in Sources */ = {isa = PBXBuildFile; fileRef = C7A9BBB12BBC01C700FFDFC6 /* LockInView.swift */; };
		C7A9BBB42BBC01CF00FFDFC6 /* LockOutView.swift in Sources */ = {isa = PBXBuildFile; fileRef = C7A9BBB32BBC01CF00FFDFC6 /* LockOutView.swift */; };
		C7A9BBB72BBC021E00FFDFC6 /* AreaView.swift in Sources */ = {isa = PBXBuildFile; fileRef = C7A9BBB62BBC021E00FFDFC6 /* AreaView.swift */; };
		C7A9BBB92BBC087900FFDFC6 /* AreaRow.swift in Sources */ = {isa = PBXBuildFile; fileRef = C7A9BBB82BBC087900FFDFC6 /* AreaRow.swift */; };
		C7A9BBBC2BBC0AB800FFDFC6 /* FontExtension.swift in Sources */ = {isa = PBXBuildFile; fileRef = C7A9BBBB2BBC0AB800FFDFC6 /* FontExtension.swift */; };
		C7A9BBBE2BBC0EC500FFDFC6 /* LockerView.swift in Sources */ = {isa = PBXBuildFile; fileRef = C7A9BBBD2BBC0EC500FFDFC6 /* LockerView.swift */; };
		C7A9BBC02BBC0EE400FFDFC6 /* Dummy.swift in Sources */ = {isa = PBXBuildFile; fileRef = C7A9BBBF2BBC0EE400FFDFC6 /* Dummy.swift */; };
		C7A9BBC22BBC102E00FFDFC6 /* LockerList.swift in Sources */ = {isa = PBXBuildFile; fileRef = C7A9BBC12BBC102E00FFDFC6 /* LockerList.swift */; };
/* End PBXBuildFile section */

/* Begin PBXFileReference section */
		635D1DB22BBCE1C700BAA5D3 /* GuidelinesInAppView.swift */ = {isa = PBXFileReference; lastKnownFileType = sourcecode.swift; path = GuidelinesInAppView.swift; sourceTree = "<group>"; };
		C70D05782BBC38560022C5DD /* Info.plist */ = {isa = PBXFileReference; lastKnownFileType = text.plist; path = Info.plist; sourceTree = "<group>"; };
		C7179C302BBCE10F0041E1AB /* PasswordTextField.swift */ = {isa = PBXFileReference; lastKnownFileType = sourcecode.swift; path = PasswordTextField.swift; sourceTree = "<group>"; };
		C7179C322BBCE20E0041E1AB /* PasswordSheet.swift */ = {isa = PBXFileReference; lastKnownFileType = sourcecode.swift; path = PasswordSheet.swift; sourceTree = "<group>"; };
		C7179C352BBCF4C60041E1AB /* CircleNavigationButton.swift */ = {isa = PBXFileReference; lastKnownFileType = sourcecode.swift; path = CircleNavigationButton.swift; sourceTree = "<group>"; };
		C72FAEE42BB9346C00FADFE7 /* UserApi.swift */ = {isa = PBXFileReference; lastKnownFileType = sourcecode.swift; path = UserApi.swift; sourceTree = "<group>"; };
		C72FAEE92BB934E300FADFE7 /* AuthenticationRequest.swift */ = {isa = PBXFileReference; lastKnownFileType = sourcecode.swift; path = AuthenticationRequest.swift; sourceTree = "<group>"; };
		C72FAEEC2BB9358F00FADFE7 /* BaseResponse.swift */ = {isa = PBXFileReference; lastKnownFileType = sourcecode.swift; path = BaseResponse.swift; sourceTree = "<group>"; };
		C72FAEEE2BB935B800FADFE7 /* NetworkError.swift */ = {isa = PBXFileReference; lastKnownFileType = sourcecode.swift; path = NetworkError.swift; sourceTree = "<group>"; };
		C72FAEF02BB935D300FADFE7 /* Constant.swift */ = {isa = PBXFileReference; lastKnownFileType = sourcecode.swift; path = Constant.swift; sourceTree = "<group>"; };
		C72FAEF32BB9367C00FADFE7 /* Keychain.swift */ = {isa = PBXFileReference; lastKnownFileType = sourcecode.swift; path = Keychain.swift; sourceTree = "<group>"; };
		C72FAEF52BB9369F00FADFE7 /* DependencyInjector.swift */ = {isa = PBXFileReference; lastKnownFileType = sourcecode.swift; path = DependencyInjector.swift; sourceTree = "<group>"; };
		C72FAEF72BB936BE00FADFE7 /* ApiRequest.swift */ = {isa = PBXFileReference; lastKnownFileType = sourcecode.swift; path = ApiRequest.swift; sourceTree = "<group>"; };
		C72FAEF92BB9389B00FADFE7 /* AuthenticationResponse.swift */ = {isa = PBXFileReference; lastKnownFileType = sourcecode.swift; path = AuthenticationResponse.swift; sourceTree = "<group>"; };
		C72FAEFB2BB938B300FADFE7 /* UserApiImpl.swift */ = {isa = PBXFileReference; lastKnownFileType = sourcecode.swift; path = UserApiImpl.swift; sourceTree = "<group>"; };
		C72FAEFD2BB93A6000FADFE7 /* UserRepository.swift */ = {isa = PBXFileReference; lastKnownFileType = sourcecode.swift; path = UserRepository.swift; sourceTree = "<group>"; };
		C72FAEFF2BB95BE400FADFE7 /* UserRepositoryImpl.swift */ = {isa = PBXFileReference; lastKnownFileType = sourcecode.swift; path = UserRepositoryImpl.swift; sourceTree = "<group>"; };
		C72FAF012BB95D5000FADFE7 /* AppModule.swift */ = {isa = PBXFileReference; lastKnownFileType = sourcecode.swift; path = AppModule.swift; sourceTree = "<group>"; };
		C72FAF062BB9B9D500FADFE7 /* LockerApiImpl.swift */ = {isa = PBXFileReference; lastKnownFileType = sourcecode.swift; path = LockerApiImpl.swift; sourceTree = "<group>"; };
		C72FAF082BB9B9DE00FADFE7 /* LockerApi.swift */ = {isa = PBXFileReference; lastKnownFileType = sourcecode.swift; path = LockerApi.swift; sourceTree = "<group>"; };
		C72FAF0C2BB9B9FB00FADFE7 /* LockerRepositoryImpl.swift */ = {isa = PBXFileReference; lastKnownFileType = sourcecode.swift; path = LockerRepositoryImpl.swift; sourceTree = "<group>"; };
		C72FAF0E2BB9BA0300FADFE7 /* LockerRepository.swift */ = {isa = PBXFileReference; lastKnownFileType = sourcecode.swift; path = LockerRepository.swift; sourceTree = "<group>"; };
		C72FAF102BB9BE2A00FADFE7 /* AreaRequest.swift */ = {isa = PBXFileReference; lastKnownFileType = sourcecode.swift; path = AreaRequest.swift; sourceTree = "<group>"; };
		C72FAF122BB9BE7400FADFE7 /* LockerIdRequest.swift */ = {isa = PBXFileReference; lastKnownFileType = sourcecode.swift; path = LockerIdRequest.swift; sourceTree = "<group>"; };
		C72FAF142BB9C35E00FADFE7 /* LockerResponse.swift */ = {isa = PBXFileReference; lastKnownFileType = sourcecode.swift; path = LockerResponse.swift; sourceTree = "<group>"; };
		C72FAF172BB9C7DE00FADFE7 /* PlainResponse.swift */ = {isa = PBXFileReference; lastKnownFileType = sourcecode.swift; path = PlainResponse.swift; sourceTree = "<group>"; };
		C77A1E3D2BB41EAE006FE673 /* LiLo.app */ = {isa = PBXFileReference; explicitFileType = wrapper.application; includeInIndex = 0; path = LiLo.app; sourceTree = BUILT_PRODUCTS_DIR; };
		C77A1E402BB41EAE006FE673 /* LiLoApp.swift */ = {isa = PBXFileReference; lastKnownFileType = sourcecode.swift; path = LiLoApp.swift; sourceTree = "<group>"; };
		C77A1E422BB41EAE006FE673 /* ContentView.swift */ = {isa = PBXFileReference; lastKnownFileType = sourcecode.swift; path = ContentView.swift; sourceTree = "<group>"; };
		C77A1E442BB41EAF006FE673 /* Assets.xcassets */ = {isa = PBXFileReference; lastKnownFileType = folder.assetcatalog; path = Assets.xcassets; sourceTree = "<group>"; };
		C77A1E462BB41EAF006FE673 /* LiLo.entitlements */ = {isa = PBXFileReference; lastKnownFileType = text.plist.entitlements; path = LiLo.entitlements; sourceTree = "<group>"; };
		C77A1E482BB41EAF006FE673 /* Preview Assets.xcassets */ = {isa = PBXFileReference; lastKnownFileType = folder.assetcatalog; path = "Preview Assets.xcassets"; sourceTree = "<group>"; };
		C7A9BBA32BBB976600FFDFC6 /* HomeViewModel.swift */ = {isa = PBXFileReference; lastKnownFileType = sourcecode.swift; path = HomeViewModel.swift; sourceTree = "<group>"; };
		C7A9BBA52BBB976D00FFDFC6 /* HomeEvent.swift */ = {isa = PBXFileReference; lastKnownFileType = sourcecode.swift; path = HomeEvent.swift; sourceTree = "<group>"; };
		C7A9BBA72BBB977400FFDFC6 /* HomeScreen.swift */ = {isa = PBXFileReference; lastKnownFileType = sourcecode.swift; path = HomeScreen.swift; sourceTree = "<group>"; };
		C7A9BBA92BBB979800FFDFC6 /* HomeState.swift */ = {isa = PBXFileReference; lastKnownFileType = sourcecode.swift; path = HomeState.swift; sourceTree = "<group>"; };
		C7A9BBAD2BBBA91400FFDFC6 /* Area.swift */ = {isa = PBXFileReference; lastKnownFileType = sourcecode.swift; path = Area.swift; sourceTree = "<group>"; };
		C7A9BBAF2BBBFAD900FFDFC6 /* CircleButton.swift */ = {isa = PBXFileReference; lastKnownFileType = sourcecode.swift; path = CircleButton.swift; sourceTree = "<group>"; };
		C7A9BBB12BBC01C700FFDFC6 /* LockInView.swift */ = {isa = PBXFileReference; lastKnownFileType = sourcecode.swift; path = LockInView.swift; sourceTree = "<group>"; };
		C7A9BBB32BBC01CF00FFDFC6 /* LockOutView.swift */ = {isa = PBXFileReference; lastKnownFileType = sourcecode.swift; path = LockOutView.swift; sourceTree = "<group>"; };
		C7A9BBB62BBC021E00FFDFC6 /* AreaView.swift */ = {isa = PBXFileReference; lastKnownFileType = sourcecode.swift; path = AreaView.swift; sourceTree = "<group>"; };
		C7A9BBB82BBC087900FFDFC6 /* AreaRow.swift */ = {isa = PBXFileReference; lastKnownFileType = sourcecode.swift; path = AreaRow.swift; sourceTree = "<group>"; };
		C7A9BBBB2BBC0AB800FFDFC6 /* FontExtension.swift */ = {isa = PBXFileReference; lastKnownFileType = sourcecode.swift; path = FontExtension.swift; sourceTree = "<group>"; };
		C7A9BBBD2BBC0EC500FFDFC6 /* LockerView.swift */ = {isa = PBXFileReference; lastKnownFileType = sourcecode.swift; path = LockerView.swift; sourceTree = "<group>"; };
		C7A9BBBF2BBC0EE400FFDFC6 /* Dummy.swift */ = {isa = PBXFileReference; lastKnownFileType = sourcecode.swift; path = Dummy.swift; sourceTree = "<group>"; };
		C7A9BBC12BBC102E00FFDFC6 /* LockerList.swift */ = {isa = PBXFileReference; lastKnownFileType = sourcecode.swift; path = LockerList.swift; sourceTree = "<group>"; };
/* End PBXFileReference section */

/* Begin PBXFrameworksBuildPhase section */
		C77A1E3A2BB41EAE006FE673 /* Frameworks */ = {
			isa = PBXFrameworksBuildPhase;
			buildActionMask = 2147483647;
			files = (
			);
			runOnlyForDeploymentPostprocessing = 0;
		};
/* End PBXFrameworksBuildPhase section */

/* Begin PBXGroup section */
		C7179C342BBCF49D0041E1AB /* Guidelines */ = {
			isa = PBXGroup;
			children = (
				635D1DB22BBCE1C700BAA5D3 /* GuidelinesInAppView.swift */,
			);
			path = Guidelines;
			sourceTree = "<group>";
		};
		C72FAEDD2BB932D700FADFE7 /* Data */ = {
			isa = PBXGroup;
			children = (
				C72FAEEB2BB9355400FADFE7 /* Utils */,
				C72FAEE02BB932EE00FADFE7 /* Locker */,
				C72FAEDF2BB932E900FADFE7 /* User */,
			);
			path = Data;
			sourceTree = "<group>";
		};
		C72FAEDE2BB932DD00FADFE7 /* Presentation */ = {
			isa = PBXGroup;
			children = (
				C7A9BBBA2BBC0AB000FFDFC6 /* Theme */,
				C7A9BBA22BBB975200FFDFC6 /* Home */,
				C7179C342BBCF49D0041E1AB /* Guidelines */,
			);
			path = Presentation;
			sourceTree = "<group>";
		};
		C72FAEDF2BB932E900FADFE7 /* User */ = {
			isa = PBXGroup;
			children = (
				C72FAEE22BB9342F00FADFE7 /* Remote */,
				C72FAEE12BB9342600FADFE7 /* Repository */,
			);
			path = User;
			sourceTree = "<group>";
		};
		C72FAEE02BB932EE00FADFE7 /* Locker */ = {
			isa = PBXGroup;
			children = (
				C72FAF032BB9B9AC00FADFE7 /* Remote */,
				C72FAF042BB9B9B300FADFE7 /* Repository */,
			);
			path = Locker;
			sourceTree = "<group>";
		};
		C72FAEE12BB9342600FADFE7 /* Repository */ = {
			isa = PBXGroup;
			children = (
				C72FAEFD2BB93A6000FADFE7 /* UserRepository.swift */,
				C72FAEFF2BB95BE400FADFE7 /* UserRepositoryImpl.swift */,
			);
			path = Repository;
			sourceTree = "<group>";
		};
		C72FAEE22BB9342F00FADFE7 /* Remote */ = {
			isa = PBXGroup;
			children = (
				C72FAEE42BB9346C00FADFE7 /* UserApi.swift */,
				C72FAEFB2BB938B300FADFE7 /* UserApiImpl.swift */,
				C72FAEE62BB9347000FADFE7 /* Dto */,
			);
			path = Remote;
			sourceTree = "<group>";
		};
		C72FAEE62BB9347000FADFE7 /* Dto */ = {
			isa = PBXGroup;
			children = (
				C72FAEE82BB9347D00FADFE7 /* Request */,
				C72FAEE72BB9347700FADFE7 /* Response */,
			);
			path = Dto;
			sourceTree = "<group>";
		};
		C72FAEE72BB9347700FADFE7 /* Response */ = {
			isa = PBXGroup;
			children = (
				C72FAEF92BB9389B00FADFE7 /* AuthenticationResponse.swift */,
			);
			path = Response;
			sourceTree = "<group>";
		};
		C72FAEE82BB9347D00FADFE7 /* Request */ = {
			isa = PBXGroup;
			children = (
				C72FAEE92BB934E300FADFE7 /* AuthenticationRequest.swift */,
			);
			path = Request;
			sourceTree = "<group>";
		};
		C72FAEEB2BB9355400FADFE7 /* Utils */ = {
			isa = PBXGroup;
			children = (
				C72FAEEC2BB9358F00FADFE7 /* BaseResponse.swift */,
				C72FAF172BB9C7DE00FADFE7 /* PlainResponse.swift */,
				C72FAEEE2BB935B800FADFE7 /* NetworkError.swift */,
				C72FAEF02BB935D300FADFE7 /* Constant.swift */,
				C72FAEF72BB936BE00FADFE7 /* ApiRequest.swift */,
			);
			path = Utils;
			sourceTree = "<group>";
		};
		C72FAEF22BB9367400FADFE7 /* Utils */ = {
			isa = PBXGroup;
			children = (
				C72FAEF32BB9367C00FADFE7 /* Keychain.swift */,
				C72FAEF52BB9369F00FADFE7 /* DependencyInjector.swift */,
				C7A9BBBF2BBC0EE400FFDFC6 /* Dummy.swift */,
			);
			path = Utils;
			sourceTree = "<group>";
		};
		C72FAF032BB9B9AC00FADFE7 /* Remote */ = {
			isa = PBXGroup;
			children = (
				C72FAF082BB9B9DE00FADFE7 /* LockerApi.swift */,
				C72FAF062BB9B9D500FADFE7 /* LockerApiImpl.swift */,
				C72FAF052BB9B9C600FADFE7 /* Dto */,
			);
			path = Remote;
			sourceTree = "<group>";
		};
		C72FAF042BB9B9B300FADFE7 /* Repository */ = {
			isa = PBXGroup;
			children = (
				C72FAF0E2BB9BA0300FADFE7 /* LockerRepository.swift */,
				C72FAF0C2BB9B9FB00FADFE7 /* LockerRepositoryImpl.swift */,
			);
			path = Repository;
			sourceTree = "<group>";
		};
		C72FAF052BB9B9C600FADFE7 /* Dto */ = {
			isa = PBXGroup;
			children = (
				C72FAF0B2BB9B9ED00FADFE7 /* Request */,
				C72FAF0A2BB9B9E800FADFE7 /* Response */,
			);
			path = Dto;
			sourceTree = "<group>";
		};
		C72FAF0A2BB9B9E800FADFE7 /* Response */ = {
			isa = PBXGroup;
			children = (
				C72FAF142BB9C35E00FADFE7 /* LockerResponse.swift */,
			);
			path = Response;
			sourceTree = "<group>";
		};
		C72FAF0B2BB9B9ED00FADFE7 /* Request */ = {
			isa = PBXGroup;
			children = (
				C72FAF102BB9BE2A00FADFE7 /* AreaRequest.swift */,
				C72FAF122BB9BE7400FADFE7 /* LockerIdRequest.swift */,
			);
			path = Request;
			sourceTree = "<group>";
		};
		C77A1E342BB41EAD006FE673 = {
			isa = PBXGroup;
			children = (
				C77A1E3F2BB41EAE006FE673 /* LiLo */,
				C77A1E3E2BB41EAE006FE673 /* Products */,
			);
			sourceTree = "<group>";
		};
		C77A1E3E2BB41EAE006FE673 /* Products */ = {
			isa = PBXGroup;
			children = (
				C77A1E3D2BB41EAE006FE673 /* LiLo.app */,
			);
			name = Products;
			sourceTree = "<group>";
		};
		C77A1E3F2BB41EAE006FE673 /* LiLo */ = {
			isa = PBXGroup;
			children = (
				C70D05782BBC38560022C5DD /* Info.plist */,
				C7A9BBC32BBC209700FFDFC6 /* Resources */,
				C72FAEF22BB9367400FADFE7 /* Utils */,
				C72FAEDD2BB932D700FADFE7 /* Data */,
				C72FAEDE2BB932DD00FADFE7 /* Presentation */,
				C77A1E402BB41EAE006FE673 /* LiLoApp.swift */,
				C77A1E422BB41EAE006FE673 /* ContentView.swift */,
				C72FAF012BB95D5000FADFE7 /* AppModule.swift */,
				C77A1E442BB41EAF006FE673 /* Assets.xcassets */,
				C77A1E462BB41EAF006FE673 /* LiLo.entitlements */,
				C77A1E472BB41EAF006FE673 /* Preview Content */,
			);
			path = LiLo;
			sourceTree = "<group>";
		};
		C77A1E472BB41EAF006FE673 /* Preview Content */ = {
			isa = PBXGroup;
			children = (
				C77A1E482BB41EAF006FE673 /* Preview Assets.xcassets */,
			);
			path = "Preview Content";
			sourceTree = "<group>";
		};
		C7A9BBA22BBB975200FFDFC6 /* Home */ = {
			isa = PBXGroup;
			children = (
				C7A9BBB52BBC020200FFDFC6 /* View */,
				C7A9BBAC2BBBA90E00FFDFC6 /* Model */,
				C7A9BBAB2BBB97B900FFDFC6 /* Components */,
				C7A9BBA32BBB976600FFDFC6 /* HomeViewModel.swift */,
				C7A9BBA52BBB976D00FFDFC6 /* HomeEvent.swift */,
				C7A9BBA72BBB977400FFDFC6 /* HomeScreen.swift */,
				C7A9BBA92BBB979800FFDFC6 /* HomeState.swift */,
			);
			path = Home;
			sourceTree = "<group>";
		};
		C7A9BBAB2BBB97B900FFDFC6 /* Components */ = {
			isa = PBXGroup;
			children = (
				C7A9BBAF2BBBFAD900FFDFC6 /* CircleButton.swift */,
				C7179C352BBCF4C60041E1AB /* CircleNavigationButton.swift */,
				C7A9BBB62BBC021E00FFDFC6 /* AreaView.swift */,
				C7A9BBB82BBC087900FFDFC6 /* AreaRow.swift */,
				C7A9BBBD2BBC0EC500FFDFC6 /* LockerView.swift */,
				C7A9BBC12BBC102E00FFDFC6 /* LockerList.swift */,
				C7179C302BBCE10F0041E1AB /* PasswordTextField.swift */,
				C7179C322BBCE20E0041E1AB /* PasswordSheet.swift */,
			);
			path = Components;
			sourceTree = "<group>";
		};
		C7A9BBAC2BBBA90E00FFDFC6 /* Model */ = {
			isa = PBXGroup;
			children = (
				C7A9BBAD2BBBA91400FFDFC6 /* Area.swift */,
			);
			path = Model;
			sourceTree = "<group>";
		};
		C7A9BBB52BBC020200FFDFC6 /* View */ = {
			isa = PBXGroup;
			children = (
				C7A9BBB12BBC01C700FFDFC6 /* LockInView.swift */,
				C7A9BBB32BBC01CF00FFDFC6 /* LockOutView.swift */,
			);
			path = View;
			sourceTree = "<group>";
		};
		C7A9BBBA2BBC0AB000FFDFC6 /* Theme */ = {
			isa = PBXGroup;
			children = (
				C7A9BBBB2BBC0AB800FFDFC6 /* FontExtension.swift */,
			);
			path = Theme;
			sourceTree = "<group>";
		};
		C7A9BBC32BBC209700FFDFC6 /* Resources */ = {
			isa = PBXGroup;
			children = (
				C7A9BBC42BBC209C00FFDFC6 /* fonts */,
			);
			path = Resources;
			sourceTree = "<group>";
		};
		C7A9BBC42BBC209C00FFDFC6 /* fonts */ = {
			isa = PBXGroup;
			children = (
			);
			path = fonts;
			sourceTree = "<group>";
		};
/* End PBXGroup section */

/* Begin PBXNativeTarget section */
		C77A1E3C2BB41EAE006FE673 /* LiLo */ = {
			isa = PBXNativeTarget;
			buildConfigurationList = C77A1E4C2BB41EAF006FE673 /* Build configuration list for PBXNativeTarget "LiLo" */;
			buildPhases = (
				C77A1E392BB41EAE006FE673 /* Sources */,
				C77A1E3A2BB41EAE006FE673 /* Frameworks */,
				C77A1E3B2BB41EAE006FE673 /* Resources */,
			);
			buildRules = (
			);
			dependencies = (
			);
			name = LiLo;
			productName = LiLo;
			productReference = C77A1E3D2BB41EAE006FE673 /* LiLo.app */;
			productType = "com.apple.product-type.application";
		};
/* End PBXNativeTarget section */

/* Begin PBXProject section */
		C77A1E352BB41EAD006FE673 /* Project object */ = {
			isa = PBXProject;
			attributes = {
				BuildIndependentTargetsInParallel = 1;
				LastSwiftUpdateCheck = 1520;
				LastUpgradeCheck = 1520;
				TargetAttributes = {
					C77A1E3C2BB41EAE006FE673 = {
						CreatedOnToolsVersion = 15.2;
					};
				};
			};
			buildConfigurationList = C77A1E382BB41EAD006FE673 /* Build configuration list for PBXProject "LiLo" */;
			compatibilityVersion = "Xcode 14.0";
			developmentRegion = en;
			hasScannedForEncodings = 0;
			knownRegions = (
				en,
				Base,
			);
			mainGroup = C77A1E342BB41EAD006FE673;
			productRefGroup = C77A1E3E2BB41EAE006FE673 /* Products */;
			projectDirPath = "";
			projectRoot = "";
			targets = (
				C77A1E3C2BB41EAE006FE673 /* LiLo */,
			);
		};
/* End PBXProject section */

/* Begin PBXResourcesBuildPhase section */
		C77A1E3B2BB41EAE006FE673 /* Resources */ = {
			isa = PBXResourcesBuildPhase;
			buildActionMask = 2147483647;
			files = (
				C77A1E492BB41EAF006FE673 /* Preview Assets.xcassets in Resources */,
				C77A1E452BB41EAF006FE673 /* Assets.xcassets in Resources */,
			);
			runOnlyForDeploymentPostprocessing = 0;
		};
/* End PBXResourcesBuildPhase section */

/* Begin PBXSourcesBuildPhase section */
		C77A1E392BB41EAE006FE673 /* Sources */ = {
			isa = PBXSourcesBuildPhase;
			buildActionMask = 2147483647;
			files = (
				C72FAEFE2BB93A6000FADFE7 /* UserRepository.swift in Sources */,
				C72FAEF12BB935D300FADFE7 /* Constant.swift in Sources */,
				C72FAF002BB95BE400FADFE7 /* UserRepositoryImpl.swift in Sources */,
				C72FAEF62BB9369F00FADFE7 /* DependencyInjector.swift in Sources */,
				C72FAF152BB9C35E00FADFE7 /* LockerResponse.swift in Sources */,
				C72FAF092BB9B9DE00FADFE7 /* LockerApi.swift in Sources */,
				C7179C312BBCE10F0041E1AB /* PasswordTextField.swift in Sources */,
				C7A9BBB92BBC087900FFDFC6 /* AreaRow.swift in Sources */,
				C7A9BBA82BBB977400FFDFC6 /* HomeScreen.swift in Sources */,
				C7A9BBC22BBC102E00FFDFC6 /* LockerList.swift in Sources */,
				C7A9BBA62BBB976D00FFDFC6 /* HomeEvent.swift in Sources */,
				C7A9BBB22BBC01C700FFDFC6 /* LockInView.swift in Sources */,
				C72FAEED2BB9358F00FADFE7 /* BaseResponse.swift in Sources */,
				C72FAEE52BB9346C00FADFE7 /* UserApi.swift in Sources */,
				C77A1E432BB41EAE006FE673 /* ContentView.swift in Sources */,
				C72FAEEF2BB935B800FADFE7 /* NetworkError.swift in Sources */,
				C72FAF0F2BB9BA0300FADFE7 /* LockerRepository.swift in Sources */,
				C72FAEF42BB9367C00FADFE7 /* Keychain.swift in Sources */,
				C7179C332BBCE20E0041E1AB /* PasswordSheet.swift in Sources */,
				C7A9BBB42BBC01CF00FFDFC6 /* LockOutView.swift in Sources */,
				635D1DB32BBCE1C700BAA5D3 /* GuidelinesInAppView.swift in Sources */,
				C77A1E412BB41EAE006FE673 /* LiLoApp.swift in Sources */,
				C72FAF072BB9B9D500FADFE7 /* LockerApiImpl.swift in Sources */,
				C72FAEF82BB936BE00FADFE7 /* ApiRequest.swift in Sources */,
				C72FAF182BB9C7DE00FADFE7 /* PlainResponse.swift in Sources */,
				C72FAF112BB9BE2A00FADFE7 /* AreaRequest.swift in Sources */,
				C72FAF132BB9BE7400FADFE7 /* LockerIdRequest.swift in Sources */,
				C7A9BBB02BBBFAD900FFDFC6 /* CircleButton.swift in Sources */,
				C72FAF022BB95D5000FADFE7 /* AppModule.swift in Sources */,
				C7A9BBA42BBB976600FFDFC6 /* HomeViewModel.swift in Sources */,
				C7A9BBAE2BBBA91400FFDFC6 /* Area.swift in Sources */,
				C7A9BBAA2BBB979800FFDFC6 /* HomeState.swift in Sources */,
				C7179C362BBCF4C60041E1AB /* CircleNavigationButton.swift in Sources */,
				C72FAEFA2BB9389B00FADFE7 /* AuthenticationResponse.swift in Sources */,
				C72FAEEA2BB934E300FADFE7 /* AuthenticationRequest.swift in Sources */,
				C7A9BBBE2BBC0EC500FFDFC6 /* LockerView.swift in Sources */,
				C7A9BBBC2BBC0AB800FFDFC6 /* FontExtension.swift in Sources */,
				C7A9BBB72BBC021E00FFDFC6 /* AreaView.swift in Sources */,
				C72FAEFC2BB938B300FADFE7 /* UserApiImpl.swift in Sources */,
				C7A9BBC02BBC0EE400FFDFC6 /* Dummy.swift in Sources */,
				C72FAF0D2BB9B9FB00FADFE7 /* LockerRepositoryImpl.swift in Sources */,
			);
			runOnlyForDeploymentPostprocessing = 0;
		};
/* End PBXSourcesBuildPhase section */

/* Begin XCBuildConfiguration section */
		C77A1E4A2BB41EAF006FE673 /* Debug */ = {
			isa = XCBuildConfiguration;
			buildSettings = {
				ALWAYS_SEARCH_USER_PATHS = NO;
				ASSETCATALOG_COMPILER_GENERATE_SWIFT_ASSET_SYMBOL_EXTENSIONS = YES;
				CLANG_ANALYZER_NONNULL = YES;
				CLANG_ANALYZER_NUMBER_OBJECT_CONVERSION = YES_AGGRESSIVE;
				CLANG_CXX_LANGUAGE_STANDARD = "gnu++20";
				CLANG_ENABLE_MODULES = YES;
				CLANG_ENABLE_OBJC_ARC = YES;
				CLANG_ENABLE_OBJC_WEAK = YES;
				CLANG_WARN_BLOCK_CAPTURE_AUTORELEASING = YES;
				CLANG_WARN_BOOL_CONVERSION = YES;
				CLANG_WARN_COMMA = YES;
				CLANG_WARN_CONSTANT_CONVERSION = YES;
				CLANG_WARN_DEPRECATED_OBJC_IMPLEMENTATIONS = YES;
				CLANG_WARN_DIRECT_OBJC_ISA_USAGE = YES_ERROR;
				CLANG_WARN_DOCUMENTATION_COMMENTS = YES;
				CLANG_WARN_EMPTY_BODY = YES;
				CLANG_WARN_ENUM_CONVERSION = YES;
				CLANG_WARN_INFINITE_RECURSION = YES;
				CLANG_WARN_INT_CONVERSION = YES;
				CLANG_WARN_NON_LITERAL_NULL_CONVERSION = YES;
				CLANG_WARN_OBJC_IMPLICIT_RETAIN_SELF = YES;
				CLANG_WARN_OBJC_LITERAL_CONVERSION = YES;
				CLANG_WARN_OBJC_ROOT_CLASS = YES_ERROR;
				CLANG_WARN_QUOTED_INCLUDE_IN_FRAMEWORK_HEADER = YES;
				CLANG_WARN_RANGE_LOOP_ANALYSIS = YES;
				CLANG_WARN_STRICT_PROTOTYPES = YES;
				CLANG_WARN_SUSPICIOUS_MOVE = YES;
				CLANG_WARN_UNGUARDED_AVAILABILITY = YES_AGGRESSIVE;
				CLANG_WARN_UNREACHABLE_CODE = YES;
				CLANG_WARN__DUPLICATE_METHOD_MATCH = YES;
				COPY_PHASE_STRIP = NO;
				DEBUG_INFORMATION_FORMAT = dwarf;
				ENABLE_STRICT_OBJC_MSGSEND = YES;
				ENABLE_TESTABILITY = YES;
				ENABLE_USER_SCRIPT_SANDBOXING = YES;
				GCC_C_LANGUAGE_STANDARD = gnu17;
				GCC_DYNAMIC_NO_PIC = NO;
				GCC_NO_COMMON_BLOCKS = YES;
				GCC_OPTIMIZATION_LEVEL = 0;
				GCC_PREPROCESSOR_DEFINITIONS = (
					"DEBUG=1",
					"$(inherited)",
				);
				GCC_WARN_64_TO_32_BIT_CONVERSION = YES;
				GCC_WARN_ABOUT_RETURN_TYPE = YES_ERROR;
				GCC_WARN_UNDECLARED_SELECTOR = YES;
				GCC_WARN_UNINITIALIZED_AUTOS = YES_AGGRESSIVE;
				GCC_WARN_UNUSED_FUNCTION = YES;
				GCC_WARN_UNUSED_VARIABLE = YES;
				LOCALIZATION_PREFERS_STRING_CATALOGS = YES;
				MTL_ENABLE_DEBUG_INFO = INCLUDE_SOURCE;
				MTL_FAST_MATH = YES;
				ONLY_ACTIVE_ARCH = YES;
				SWIFT_ACTIVE_COMPILATION_CONDITIONS = "DEBUG $(inherited)";
				SWIFT_OPTIMIZATION_LEVEL = "-Onone";
			};
			name = Debug;
		};
		C77A1E4B2BB41EAF006FE673 /* Release */ = {
			isa = XCBuildConfiguration;
			buildSettings = {
				ALWAYS_SEARCH_USER_PATHS = NO;
				ASSETCATALOG_COMPILER_GENERATE_SWIFT_ASSET_SYMBOL_EXTENSIONS = YES;
				CLANG_ANALYZER_NONNULL = YES;
				CLANG_ANALYZER_NUMBER_OBJECT_CONVERSION = YES_AGGRESSIVE;
				CLANG_CXX_LANGUAGE_STANDARD = "gnu++20";
				CLANG_ENABLE_MODULES = YES;
				CLANG_ENABLE_OBJC_ARC = YES;
				CLANG_ENABLE_OBJC_WEAK = YES;
				CLANG_WARN_BLOCK_CAPTURE_AUTORELEASING = YES;
				CLANG_WARN_BOOL_CONVERSION = YES;
				CLANG_WARN_COMMA = YES;
				CLANG_WARN_CONSTANT_CONVERSION = YES;
				CLANG_WARN_DEPRECATED_OBJC_IMPLEMENTATIONS = YES;
				CLANG_WARN_DIRECT_OBJC_ISA_USAGE = YES_ERROR;
				CLANG_WARN_DOCUMENTATION_COMMENTS = YES;
				CLANG_WARN_EMPTY_BODY = YES;
				CLANG_WARN_ENUM_CONVERSION = YES;
				CLANG_WARN_INFINITE_RECURSION = YES;
				CLANG_WARN_INT_CONVERSION = YES;
				CLANG_WARN_NON_LITERAL_NULL_CONVERSION = YES;
				CLANG_WARN_OBJC_IMPLICIT_RETAIN_SELF = YES;
				CLANG_WARN_OBJC_LITERAL_CONVERSION = YES;
				CLANG_WARN_OBJC_ROOT_CLASS = YES_ERROR;
				CLANG_WARN_QUOTED_INCLUDE_IN_FRAMEWORK_HEADER = YES;
				CLANG_WARN_RANGE_LOOP_ANALYSIS = YES;
				CLANG_WARN_STRICT_PROTOTYPES = YES;
				CLANG_WARN_SUSPICIOUS_MOVE = YES;
				CLANG_WARN_UNGUARDED_AVAILABILITY = YES_AGGRESSIVE;
				CLANG_WARN_UNREACHABLE_CODE = YES;
				CLANG_WARN__DUPLICATE_METHOD_MATCH = YES;
				COPY_PHASE_STRIP = NO;
				DEBUG_INFORMATION_FORMAT = "dwarf-with-dsym";
				ENABLE_NS_ASSERTIONS = NO;
				ENABLE_STRICT_OBJC_MSGSEND = YES;
				ENABLE_USER_SCRIPT_SANDBOXING = YES;
				GCC_C_LANGUAGE_STANDARD = gnu17;
				GCC_NO_COMMON_BLOCKS = YES;
				GCC_WARN_64_TO_32_BIT_CONVERSION = YES;
				GCC_WARN_ABOUT_RETURN_TYPE = YES_ERROR;
				GCC_WARN_UNDECLARED_SELECTOR = YES;
				GCC_WARN_UNINITIALIZED_AUTOS = YES_AGGRESSIVE;
				GCC_WARN_UNUSED_FUNCTION = YES;
				GCC_WARN_UNUSED_VARIABLE = YES;
				LOCALIZATION_PREFERS_STRING_CATALOGS = YES;
				MTL_ENABLE_DEBUG_INFO = NO;
				MTL_FAST_MATH = YES;
				SWIFT_COMPILATION_MODE = wholemodule;
			};
			name = Release;
		};
		C77A1E4D2BB41EAF006FE673 /* Debug */ = {
			isa = XCBuildConfiguration;
			buildSettings = {
				ASSETCATALOG_COMPILER_APPICON_NAME = AppIcon;
				ASSETCATALOG_COMPILER_GLOBAL_ACCENT_COLOR_NAME = AccentColor;
				CODE_SIGN_ENTITLEMENTS = LiLo/LiLo.entitlements;
				CODE_SIGN_STYLE = Automatic;
				CURRENT_PROJECT_VERSION = 1;
				DEVELOPMENT_ASSET_PATHS = "\"LiLo/Preview Content\"";
				DEVELOPMENT_TEAM = 4V452CD2YS;
				ENABLE_PREVIEWS = YES;
				GENERATE_INFOPLIST_FILE = YES;
				INFOPLIST_FILE = LiLo/Info.plist;
				"INFOPLIST_KEY_UIApplicationSceneManifest_Generation[sdk=iphoneos*]" = YES;
				"INFOPLIST_KEY_UIApplicationSceneManifest_Generation[sdk=iphonesimulator*]" = YES;
				"INFOPLIST_KEY_UIApplicationSupportsIndirectInputEvents[sdk=iphoneos*]" = YES;
				"INFOPLIST_KEY_UIApplicationSupportsIndirectInputEvents[sdk=iphonesimulator*]" = YES;
				"INFOPLIST_KEY_UILaunchScreen_Generation[sdk=iphoneos*]" = YES;
				"INFOPLIST_KEY_UILaunchScreen_Generation[sdk=iphonesimulator*]" = YES;
				"INFOPLIST_KEY_UIStatusBarStyle[sdk=iphoneos*]" = UIStatusBarStyleDefault;
				"INFOPLIST_KEY_UIStatusBarStyle[sdk=iphonesimulator*]" = UIStatusBarStyleDefault;
				INFOPLIST_KEY_UISupportedInterfaceOrientations_iPad = "UIInterfaceOrientationPortrait UIInterfaceOrientationPortraitUpsideDown UIInterfaceOrientationLandscapeLeft UIInterfaceOrientationLandscapeRight";
				INFOPLIST_KEY_UISupportedInterfaceOrientations_iPhone = "UIInterfaceOrientationPortrait UIInterfaceOrientationLandscapeLeft UIInterfaceOrientationLandscapeRight";
				IPHONEOS_DEPLOYMENT_TARGET = 17.2;
				LD_RUNPATH_SEARCH_PATHS = "@executable_path/Frameworks";
				"LD_RUNPATH_SEARCH_PATHS[sdk=macosx*]" = "@executable_path/../Frameworks";
				MACOSX_DEPLOYMENT_TARGET = 14.0;
				MARKETING_VERSION = 1.0;
				PRODUCT_BUNDLE_IDENTIFIER = com.appleacademy.LiLo;
				PRODUCT_NAME = "$(TARGET_NAME)";
				SDKROOT = auto;
				SUPPORTED_PLATFORMS = "iphoneos iphonesimulator macosx";
				SWIFT_EMIT_LOC_STRINGS = YES;
				SWIFT_VERSION = 5.0;
				TARGETED_DEVICE_FAMILY = "1,2";
			};
			name = Debug;
		};
		C77A1E4E2BB41EAF006FE673 /* Release */ = {
			isa = XCBuildConfiguration;
			buildSettings = {
				ASSETCATALOG_COMPILER_APPICON_NAME = AppIcon;
				ASSETCATALOG_COMPILER_GLOBAL_ACCENT_COLOR_NAME = AccentColor;
				CODE_SIGN_ENTITLEMENTS = LiLo/LiLo.entitlements;
				CODE_SIGN_STYLE = Automatic;
				CURRENT_PROJECT_VERSION = 1;
				DEVELOPMENT_ASSET_PATHS = "\"LiLo/Preview Content\"";
				DEVELOPMENT_TEAM = 4V452CD2YS;
				ENABLE_PREVIEWS = YES;
				GENERATE_INFOPLIST_FILE = YES;
				INFOPLIST_FILE = LiLo/Info.plist;
				"INFOPLIST_KEY_UIApplicationSceneManifest_Generation[sdk=iphoneos*]" = YES;
				"INFOPLIST_KEY_UIApplicationSceneManifest_Generation[sdk=iphonesimulator*]" = YES;
				"INFOPLIST_KEY_UIApplicationSupportsIndirectInputEvents[sdk=iphoneos*]" = YES;
				"INFOPLIST_KEY_UIApplicationSupportsIndirectInputEvents[sdk=iphonesimulator*]" = YES;
				"INFOPLIST_KEY_UILaunchScreen_Generation[sdk=iphoneos*]" = YES;
				"INFOPLIST_KEY_UILaunchScreen_Generation[sdk=iphonesimulator*]" = YES;
				"INFOPLIST_KEY_UIStatusBarStyle[sdk=iphoneos*]" = UIStatusBarStyleDefault;
				"INFOPLIST_KEY_UIStatusBarStyle[sdk=iphonesimulator*]" = UIStatusBarStyleDefault;
				INFOPLIST_KEY_UISupportedInterfaceOrientations_iPad = "UIInterfaceOrientationPortrait UIInterfaceOrientationPortraitUpsideDown UIInterfaceOrientationLandscapeLeft UIInterfaceOrientationLandscapeRight";
				INFOPLIST_KEY_UISupportedInterfaceOrientations_iPhone = "UIInterfaceOrientationPortrait UIInterfaceOrientationLandscapeLeft UIInterfaceOrientationLandscapeRight";
				IPHONEOS_DEPLOYMENT_TARGET = 17.2;
				LD_RUNPATH_SEARCH_PATHS = "@executable_path/Frameworks";
				"LD_RUNPATH_SEARCH_PATHS[sdk=macosx*]" = "@executable_path/../Frameworks";
				MACOSX_DEPLOYMENT_TARGET = 14.0;
				MARKETING_VERSION = 1.0;
				PRODUCT_BUNDLE_IDENTIFIER = com.appleacademy.LiLo;
				PRODUCT_NAME = "$(TARGET_NAME)";
				SDKROOT = auto;
				SUPPORTED_PLATFORMS = "iphoneos iphonesimulator macosx";
				SWIFT_EMIT_LOC_STRINGS = YES;
				SWIFT_VERSION = 5.0;
				TARGETED_DEVICE_FAMILY = "1,2";
			};
			name = Release;
		};
/* End XCBuildConfiguration section */

/* Begin XCConfigurationList section */
		C77A1E382BB41EAD006FE673 /* Build configuration list for PBXProject "LiLo" */ = {
			isa = XCConfigurationList;
			buildConfigurations = (
				C77A1E4A2BB41EAF006FE673 /* Debug */,
				C77A1E4B2BB41EAF006FE673 /* Release */,
			);
			defaultConfigurationIsVisible = 0;
			defaultConfigurationName = Release;
		};
		C77A1E4C2BB41EAF006FE673 /* Build configuration list for PBXNativeTarget "LiLo" */ = {
			isa = XCConfigurationList;
			buildConfigurations = (
				C77A1E4D2BB41EAF006FE673 /* Debug */,
				C77A1E4E2BB41EAF006FE673 /* Release */,
			);
			defaultConfigurationIsVisible = 0;
			defaultConfigurationName = Release;
		};
/* End XCConfigurationList section */
	};
	rootObject = C77A1E352BB41EAD006FE673 /* Project object */;
}
